
Microsoft Visual Studio Solution File, Format Version 12.00
# Visual Studio Version 16
VisualStudioVersion = 25.0.1706.12
MinimumVisualStudioVersion = 10.0.40219.1
Project("{FAE04EC0-301F-11D3-BF4B-00C04F79EFBC}") = "Crawler Log Folder", "Crawler Log Folder\Crawler Log Folder.csproj", "{2F775930-8BD7-47DA-9615-32285D44A92E}"
EndProject
Global
	GlobalSection(SolutionConfigurationPlatforms) = preSolution
		Debug|Any CPU = Debug|Any CPU
		Release|Any CPU = Release|Any CPU
	EndGlobalSection
	GlobalSection(ProjectConfigurationPlatforms) = postSolution
		{2F775930-8BD7-47DA-9615-32285D44A92E}.Debug|Any CPU.ActiveCfg = Debug|Any CPU
		{2F775930-8BD7-47DA-9615-32285D44A92E}.Debug|Any CPU.Build.0 = Debug|Any CPU
		{2F775930-8BD7-47DA-9615-32285D44A92E}.Release|Any CPU.ActiveCfg = Release|Any CPU
		{2F775930-8BD7-47DA-9615-32285D44A92E}.Release|Any CPU.Build.0 = Release|Any CPU
	EndGlobalSection
	GlobalSection(SolutionProperties) = preSolution
		HideSolutionNode = FALSE
	EndGlobalSection
	GlobalSection(ExtensibilityGlobals) = postSolution
		SolutionGuid = {8C112DD4-4CA5-4F4C-BC14-0491526B5B26}
	EndGlobalSection
EndGlobal
