
Microsoft Visual Studio Solution File, Format Version 12.00
# Visual Studio Version 16
VisualStudioVersion = 25.0.1706.6
MinimumVisualStudioVersion = 10.0.40219.1
Project("{FAE04EC0-301F-11D3-BF4B-00C04F79EFBC}") = "LongestSubstring", "LongestSubstring\LongestSubstring.csproj", "{2174837B-DC85-4D34-A484-D8190F5DC51D}"
EndProject
Global
	GlobalSection(SolutionConfigurationPlatforms) = preSolution
		Debug|Any CPU = Debug|Any CPU
		Release|Any CPU = Release|Any CPU
	EndGlobalSection
	GlobalSection(ProjectConfigurationPlatforms) = postSolution
		{2174837B-DC85-4D34-A484-D8190F5DC51D}.Debug|Any CPU.ActiveCfg = Debug|Any CPU
		{2174837B-DC85-4D34-A484-D8190F5DC51D}.Debug|Any CPU.Build.0 = Debug|Any CPU
		{2174837B-DC85-4D34-A484-D8190F5DC51D}.Release|Any CPU.ActiveCfg = Release|Any CPU
		{2174837B-DC85-4D34-A484-D8190F5DC51D}.Release|Any CPU.Build.0 = Release|Any CPU
	EndGlobalSection
	GlobalSection(SolutionProperties) = preSolution
		HideSolutionNode = FALSE
	EndGlobalSection
	GlobalSection(ExtensibilityGlobals) = postSolution
		SolutionGuid = {F0294E10-5D81-423B-B0F1-D0BE66458620}
	EndGlobalSection
EndGlobal
