
Microsoft Visual Studio Solution File, Format Version 12.00
# Visual Studio Version 16
VisualStudioVersion = 25.0.1706.12
MinimumVisualStudioVersion = 10.0.40219.1
Project("{FAE04EC0-301F-11D3-BF4B-00C04F79EFBC}") = "Reverse Substrings Between Each Pair of Parentheses", "Reverse Substrings Between Each Pair of Parentheses\Reverse Substrings Between Each Pair of Parentheses.csproj", "{7759D984-4669-4487-A9F4-6E318A4F1AA5}"
EndProject
Global
	GlobalSection(SolutionConfigurationPlatforms) = preSolution
		Debug|Any CPU = Debug|Any CPU
		Release|Any CPU = Release|Any CPU
	EndGlobalSection
	GlobalSection(ProjectConfigurationPlatforms) = postSolution
		{7759D984-4669-4487-A9F4-6E318A4F1AA5}.Debug|Any CPU.ActiveCfg = Debug|Any CPU
		{7759D984-4669-4487-A9F4-6E318A4F1AA5}.Debug|Any CPU.Build.0 = Debug|Any CPU
		{7759D984-4669-4487-A9F4-6E318A4F1AA5}.Release|Any CPU.ActiveCfg = Release|Any CPU
		{7759D984-4669-4487-A9F4-6E318A4F1AA5}.Release|Any CPU.Build.0 = Release|Any CPU
	EndGlobalSection
	GlobalSection(SolutionProperties) = preSolution
		HideSolutionNode = FALSE
	EndGlobalSection
	GlobalSection(ExtensibilityGlobals) = postSolution
		SolutionGuid = {621AF077-C14E-4174-B551-259BEF4DCBFC}
	EndGlobalSection
EndGlobal
